
Microsoft Visual Studio Solution File, Format Version 12.00
# Visual Studio Version 17
VisualStudioVersion = 17.4.33213.308
MinimumVisualStudioVersion = 10.0.40219.1
Project("{9A19103F-16F7-4668-BE54-9A1E7A4F7556}") = "DisasterAlleviation", "DisasterAlleviation\DisasterAlleviation.csproj", "{AD1F53F2-622D-4730-BEB1-2BAD46967EBA}"
EndProject
Project("{FAE04EC0-301F-11D3-BF4B-00C04F79EFBC}") = "UnitTestProject", "UnitTestProject\UnitTestProject.csproj", "{5968E9F1-A84D-409B-96F1-C75C3E28068B}"
EndProject
Global
	GlobalSection(SolutionConfigurationPlatforms) = preSolution
		Debug|Any CPU = Debug|Any CPU
		Release|Any CPU = Release|Any CPU
	EndGlobalSection
	GlobalSection(ProjectConfigurationPlatforms) = postSolution
		{AD1F53F2-622D-4730-BEB1-2BAD46967EBA}.Debug|Any CPU.ActiveCfg = Debug|Any CPU
		{AD1F53F2-622D-4730-BEB1-2BAD46967EBA}.Debug|Any CPU.Build.0 = Debug|Any CPU
		{AD1F53F2-622D-4730-BEB1-2BAD46967EBA}.Release|Any CPU.ActiveCfg = Release|Any CPU
		{AD1F53F2-622D-4730-BEB1-2BAD46967EBA}.Release|Any CPU.Build.0 = Release|Any CPU
		{5968E9F1-A84D-409B-96F1-C75C3E28068B}.Debug|Any CPU.ActiveCfg = Debug|Any CPU
		{5968E9F1-A84D-409B-96F1-C75C3E28068B}.Debug|Any CPU.Build.0 = Debug|Any CPU
		{5968E9F1-A84D-409B-96F1-C75C3E28068B}.Release|Any CPU.ActiveCfg = Release|Any CPU
		{5968E9F1-A84D-409B-96F1-C75C3E28068B}.Release|Any CPU.Build.0 = Release|Any CPU
	EndGlobalSection
	GlobalSection(SolutionProperties) = preSolution
		HideSolutionNode = FALSE
	EndGlobalSection
	GlobalSection(ExtensibilityGlobals) = postSolution
		SolutionGuid = {24C619B2-069C-458C-BDAC-CFF8C6466A27}
	EndGlobalSection
EndGlobal
